
Microsoft Visual Studio Solution File, Format Version 12.00
# Visual Studio Version 17
VisualStudioVersion = 17.0.32112.339
MinimumVisualStudioVersion = 10.0.40219.1
Project("{FAE04EC0-301F-11D3-BF4B-00C04F79EFBC}") = "1_Class", "1_Class\1_Class.csproj", "{4019794B-0E38-4317-A0C5-828A5AEDA595}"
EndProject
Project("{FAE04EC0-301F-11D3-BF4B-00C04F79EFBC}") = "Constructor", "Constructor\Constructor.csproj", "{EECD34E8-35DB-4617-9090-1A9A98110D9F}"
EndProject
Project("{FAE04EC0-301F-11D3-BF4B-00C04F79EFBC}") = "3_Encapsulation", "3_Encapsulation\3_Encapsulation.csproj", "{DE5928AB-E45A-423F-851C-ACD383079CD7}"
EndProject
Project("{FAE04EC0-301F-11D3-BF4B-00C04F79EFBC}") = "4_inheritance", "4_inheritance\4_inheritance.csproj", "{B68AD6BB-31E8-4A95-9072-CD6D070040AE}"
EndProject
Project("{FAE04EC0-301F-11D3-BF4B-00C04F79EFBC}") = "5_Abstract", "5_Abstract\5_Abstract.csproj", "{9159EB9F-AEF7-4916-B600-A7F0A24B5C36}"
EndProject
Project("{FAE04EC0-301F-11D3-BF4B-00C04F79EFBC}") = "6_Polymorphism", "6_Polymorphism\6_Polymorphism.csproj", "{01A7A855-AAB2-4B47-B1A1-800884A7956B}"
EndProject
Project("{FAE04EC0-301F-11D3-BF4B-00C04F79EFBC}") = "7_ValueReferenceType", "7_ValueReferenceType\7_ValueReferenceType.csproj", "{897D24C5-298F-47F8-8FD4-5395827C79D5}"
EndProject
Project("{FAE04EC0-301F-11D3-BF4B-00C04F79EFBC}") = "8_Static", "8_Static\8_Static.csproj", "{F52AB058-11DD-4CA0-B1B1-84363BEA36D8}"
EndProject
Project("{FAE04EC0-301F-11D3-BF4B-00C04F79EFBC}") = "9_Interface", "9_Interface\9_Interface.csproj", "{5397A190-81CA-427F-A0D7-B63573FA28D1}"
EndProject
Project("{FAE04EC0-301F-11D3-BF4B-00C04F79EFBC}") = "10_Enum", "10_Enum\10_Enum.csproj", "{34F6C35A-CF26-4D49-87DE-F2FE988B8BF9}"
EndProject
Project("{FAE04EC0-301F-11D3-BF4B-00C04F79EFBC}") = "11_Sealed", "11_Sealed\11_Sealed.csproj", "{86A61944-B826-444B-ACDF-7A333B28B81F}"
EndProject
Project("{FAE04EC0-301F-11D3-BF4B-00C04F79EFBC}") = "12_Delegate", "12_Delegate\12_Delegate.csproj", "{4519DC75-CB7E-4006-B7CF-E1E7CE12209A}"
EndProject
Project("{FAE04EC0-301F-11D3-BF4B-00C04F79EFBC}") = "13_Event", "13_Event\13_Event.csproj", "{F767E447-0482-46F3-9973-691F43A809B1}"
EndProject
Global
	GlobalSection(SolutionConfigurationPlatforms) = preSolution
		Debug|Any CPU = Debug|Any CPU
		Release|Any CPU = Release|Any CPU
	EndGlobalSection
	GlobalSection(ProjectConfigurationPlatforms) = postSolution
		{4019794B-0E38-4317-A0C5-828A5AEDA595}.Debug|Any CPU.ActiveCfg = Debug|Any CPU
		{4019794B-0E38-4317-A0C5-828A5AEDA595}.Debug|Any CPU.Build.0 = Debug|Any CPU
		{4019794B-0E38-4317-A0C5-828A5AEDA595}.Release|Any CPU.ActiveCfg = Release|Any CPU
		{4019794B-0E38-4317-A0C5-828A5AEDA595}.Release|Any CPU.Build.0 = Release|Any CPU
		{EECD34E8-35DB-4617-9090-1A9A98110D9F}.Debug|Any CPU.ActiveCfg = Debug|Any CPU
		{EECD34E8-35DB-4617-9090-1A9A98110D9F}.Debug|Any CPU.Build.0 = Debug|Any CPU
		{EECD34E8-35DB-4617-9090-1A9A98110D9F}.Release|Any CPU.ActiveCfg = Release|Any CPU
		{EECD34E8-35DB-4617-9090-1A9A98110D9F}.Release|Any CPU.Build.0 = Release|Any CPU
		{DE5928AB-E45A-423F-851C-ACD383079CD7}.Debug|Any CPU.ActiveCfg = Debug|Any CPU
		{DE5928AB-E45A-423F-851C-ACD383079CD7}.Debug|Any CPU.Build.0 = Debug|Any CPU
		{DE5928AB-E45A-423F-851C-ACD383079CD7}.Release|Any CPU.ActiveCfg = Release|Any CPU
		{DE5928AB-E45A-423F-851C-ACD383079CD7}.Release|Any CPU.Build.0 = Release|Any CPU
		{B68AD6BB-31E8-4A95-9072-CD6D070040AE}.Debug|Any CPU.ActiveCfg = Debug|Any CPU
		{B68AD6BB-31E8-4A95-9072-CD6D070040AE}.Debug|Any CPU.Build.0 = Debug|Any CPU
		{B68AD6BB-31E8-4A95-9072-CD6D070040AE}.Release|Any CPU.ActiveCfg = Release|Any CPU
		{B68AD6BB-31E8-4A95-9072-CD6D070040AE}.Release|Any CPU.Build.0 = Release|Any CPU
		{9159EB9F-AEF7-4916-B600-A7F0A24B5C36}.Debug|Any CPU.ActiveCfg = Debug|Any CPU
		{9159EB9F-AEF7-4916-B600-A7F0A24B5C36}.Debug|Any CPU.Build.0 = Debug|Any CPU
		{9159EB9F-AEF7-4916-B600-A7F0A24B5C36}.Release|Any CPU.ActiveCfg = Release|Any CPU
		{9159EB9F-AEF7-4916-B600-A7F0A24B5C36}.Release|Any CPU.Build.0 = Release|Any CPU
		{01A7A855-AAB2-4B47-B1A1-800884A7956B}.Debug|Any CPU.ActiveCfg = Debug|Any CPU
		{01A7A855-AAB2-4B47-B1A1-800884A7956B}.Debug|Any CPU.Build.0 = Debug|Any CPU
		{01A7A855-AAB2-4B47-B1A1-800884A7956B}.Release|Any CPU.ActiveCfg = Release|Any CPU
		{01A7A855-AAB2-4B47-B1A1-800884A7956B}.Release|Any CPU.Build.0 = Release|Any CPU
		{897D24C5-298F-47F8-8FD4-5395827C79D5}.Debug|Any CPU.ActiveCfg = Debug|Any CPU
		{897D24C5-298F-47F8-8FD4-5395827C79D5}.Debug|Any CPU.Build.0 = Debug|Any CPU
		{897D24C5-298F-47F8-8FD4-5395827C79D5}.Release|Any CPU.ActiveCfg = Release|Any CPU
		{897D24C5-298F-47F8-8FD4-5395827C79D5}.Release|Any CPU.Build.0 = Release|Any CPU
		{F52AB058-11DD-4CA0-B1B1-84363BEA36D8}.Debug|Any CPU.ActiveCfg = Debug|Any CPU
		{F52AB058-11DD-4CA0-B1B1-84363BEA36D8}.Debug|Any CPU.Build.0 = Debug|Any CPU
		{F52AB058-11DD-4CA0-B1B1-84363BEA36D8}.Release|Any CPU.ActiveCfg = Release|Any CPU
		{F52AB058-11DD-4CA0-B1B1-84363BEA36D8}.Release|Any CPU.Build.0 = Release|Any CPU
		{5397A190-81CA-427F-A0D7-B63573FA28D1}.Debug|Any CPU.ActiveCfg = Debug|Any CPU
		{5397A190-81CA-427F-A0D7-B63573FA28D1}.Debug|Any CPU.Build.0 = Debug|Any CPU
		{5397A190-81CA-427F-A0D7-B63573FA28D1}.Release|Any CPU.ActiveCfg = Release|Any CPU
		{5397A190-81CA-427F-A0D7-B63573FA28D1}.Release|Any CPU.Build.0 = Release|Any CPU
		{34F6C35A-CF26-4D49-87DE-F2FE988B8BF9}.Debug|Any CPU.ActiveCfg = Debug|Any CPU
		{34F6C35A-CF26-4D49-87DE-F2FE988B8BF9}.Debug|Any CPU.Build.0 = Debug|Any CPU
		{34F6C35A-CF26-4D49-87DE-F2FE988B8BF9}.Release|Any CPU.ActiveCfg = Release|Any CPU
		{34F6C35A-CF26-4D49-87DE-F2FE988B8BF9}.Release|Any CPU.Build.0 = Release|Any CPU
		{86A61944-B826-444B-ACDF-7A333B28B81F}.Debug|Any CPU.ActiveCfg = Debug|Any CPU
		{86A61944-B826-444B-ACDF-7A333B28B81F}.Debug|Any CPU.Build.0 = Debug|Any CPU
		{86A61944-B826-444B-ACDF-7A333B28B81F}.Release|Any CPU.ActiveCfg = Release|Any CPU
		{86A61944-B826-444B-ACDF-7A333B28B81F}.Release|Any CPU.Build.0 = Release|Any CPU
		{4519DC75-CB7E-4006-B7CF-E1E7CE12209A}.Debug|Any CPU.ActiveCfg = Debug|Any CPU
		{4519DC75-CB7E-4006-B7CF-E1E7CE12209A}.Debug|Any CPU.Build.0 = Debug|Any CPU
		{4519DC75-CB7E-4006-B7CF-E1E7CE12209A}.Release|Any CPU.ActiveCfg = Release|Any CPU
		{4519DC75-CB7E-4006-B7CF-E1E7CE12209A}.Release|Any CPU.Build.0 = Release|Any CPU
		{F767E447-0482-46F3-9973-691F43A809B1}.Debug|Any CPU.ActiveCfg = Debug|Any CPU
		{F767E447-0482-46F3-9973-691F43A809B1}.Debug|Any CPU.Build.0 = Debug|Any CPU
		{F767E447-0482-46F3-9973-691F43A809B1}.Release|Any CPU.ActiveCfg = Release|Any CPU
		{F767E447-0482-46F3-9973-691F43A809B1}.Release|Any CPU.Build.0 = Release|Any CPU
	EndGlobalSection
	GlobalSection(SolutionProperties) = preSolution
		HideSolutionNode = FALSE
	EndGlobalSection
	GlobalSection(ExtensibilityGlobals) = postSolution
		SolutionGuid = {096F8D2B-6723-4C1C-BEB7-78FE49C33D47}
	EndGlobalSection
EndGlobal
