
Microsoft Visual Studio Solution File, Format Version 12.00
# Visual Studio Version 17
VisualStudioVersion = 17.0.32112.339
MinimumVisualStudioVersion = 10.0.40219.1
Project("{FAE04EC0-301F-11D3-BF4B-00C04F79EFBC}") = "1_Class", "1_Class\1_Class.csproj", "{4019794B-0E38-4317-A0C5-828A5AEDA595}"
EndProject
Project("{FAE04EC0-301F-11D3-BF4B-00C04F79EFBC}") = "Constructor", "Constructor\Constructor.csproj", "{EECD34E8-35DB-4617-9090-1A9A98110D9F}"
EndProject
Project("{FAE04EC0-301F-11D3-BF4B-00C04F79EFBC}") = "3_Encapsulation", "3_Encapsulation\3_Encapsulation.csproj", "{DE5928AB-E45A-423F-851C-ACD383079CD7}"
EndProject
Project("{FAE04EC0-301F-11D3-BF4B-00C04F79EFBC}") = "4_inheritance", "4_inheritance\4_inheritance.csproj", "{B68AD6BB-31E8-4A95-9072-CD6D070040AE}"
EndProject
Global
	GlobalSection(SolutionConfigurationPlatforms) = preSolution
		Debug|Any CPU = Debug|Any CPU
		Release|Any CPU = Release|Any CPU
	EndGlobalSection
	GlobalSection(ProjectConfigurationPlatforms) = postSolution
		{4019794B-0E38-4317-A0C5-828A5AEDA595}.Debug|Any CPU.ActiveCfg = Debug|Any CPU
		{4019794B-0E38-4317-A0C5-828A5AEDA595}.Debug|Any CPU.Build.0 = Debug|Any CPU
		{4019794B-0E38-4317-A0C5-828A5AEDA595}.Release|Any CPU.ActiveCfg = Release|Any CPU
		{4019794B-0E38-4317-A0C5-828A5AEDA595}.Release|Any CPU.Build.0 = Release|Any CPU
		{EECD34E8-35DB-4617-9090-1A9A98110D9F}.Debug|Any CPU.ActiveCfg = Debug|Any CPU
		{EECD34E8-35DB-4617-9090-1A9A98110D9F}.Debug|Any CPU.Build.0 = Debug|Any CPU
		{EECD34E8-35DB-4617-9090-1A9A98110D9F}.Release|Any CPU.ActiveCfg = Release|Any CPU
		{EECD34E8-35DB-4617-9090-1A9A98110D9F}.Release|Any CPU.Build.0 = Release|Any CPU
		{DE5928AB-E45A-423F-851C-ACD383079CD7}.Debug|Any CPU.ActiveCfg = Debug|Any CPU
		{DE5928AB-E45A-423F-851C-ACD383079CD7}.Debug|Any CPU.Build.0 = Debug|Any CPU
		{DE5928AB-E45A-423F-851C-ACD383079CD7}.Release|Any CPU.ActiveCfg = Release|Any CPU
		{DE5928AB-E45A-423F-851C-ACD383079CD7}.Release|Any CPU.Build.0 = Release|Any CPU
		{B68AD6BB-31E8-4A95-9072-CD6D070040AE}.Debug|Any CPU.ActiveCfg = Debug|Any CPU
		{B68AD6BB-31E8-4A95-9072-CD6D070040AE}.Debug|Any CPU.Build.0 = Debug|Any CPU
		{B68AD6BB-31E8-4A95-9072-CD6D070040AE}.Release|Any CPU.ActiveCfg = Release|Any CPU
		{B68AD6BB-31E8-4A95-9072-CD6D070040AE}.Release|Any CPU.Build.0 = Release|Any CPU
	EndGlobalSection
	GlobalSection(SolutionProperties) = preSolution
		HideSolutionNode = FALSE
	EndGlobalSection
	GlobalSection(ExtensibilityGlobals) = postSolution
		SolutionGuid = {096F8D2B-6723-4C1C-BEB7-78FE49C33D47}
	EndGlobalSection
EndGlobal
